
Microsoft Visual Studio Solution File, Format Version 12.00
# Visual Studio Version 16
VisualStudioVersion = 16.0.30114.105
MinimumVisualStudioVersion = 10.0.40219.1
Project("{FAE04EC0-301F-11D3-BF4B-00C04F79EFBC}") = "UnknownLib", "UnknownLib\UnknownLib.csproj", "{405ECBB5-DB0A-4D15-AF6E-11204114C11A}"
EndProject
Project("{FAE04EC0-301F-11D3-BF4B-00C04F79EFBC}") = "LibTester", "LibTester\LibTester.csproj", "{9EF3284F-A390-4C04-AF89-B41919125DBE}"
EndProject
Global
	GlobalSection(SolutionConfigurationPlatforms) = preSolution
		Debug|Any CPU = Debug|Any CPU
		Release|Any CPU = Release|Any CPU
	EndGlobalSection
	GlobalSection(ProjectConfigurationPlatforms) = postSolution
		{405ECBB5-DB0A-4D15-AF6E-11204114C11A}.Debug|Any CPU.ActiveCfg = Debug|Any CPU
		{405ECBB5-DB0A-4D15-AF6E-11204114C11A}.Debug|Any CPU.Build.0 = Debug|Any CPU
		{405ECBB5-DB0A-4D15-AF6E-11204114C11A}.Release|Any CPU.ActiveCfg = Release|Any CPU
		{405ECBB5-DB0A-4D15-AF6E-11204114C11A}.Release|Any CPU.Build.0 = Release|Any CPU
		{9EF3284F-A390-4C04-AF89-B41919125DBE}.Debug|Any CPU.ActiveCfg = Debug|Any CPU
		{9EF3284F-A390-4C04-AF89-B41919125DBE}.Debug|Any CPU.Build.0 = Debug|Any CPU
		{9EF3284F-A390-4C04-AF89-B41919125DBE}.Release|Any CPU.ActiveCfg = Release|Any CPU
		{9EF3284F-A390-4C04-AF89-B41919125DBE}.Release|Any CPU.Build.0 = Release|Any CPU
	EndGlobalSection
	GlobalSection(SolutionProperties) = preSolution
		HideSolutionNode = FALSE
	EndGlobalSection
	GlobalSection(ExtensibilityGlobals) = postSolution
		SolutionGuid = {0D1C5E2C-1EB1-4D4B-8879-422E25DF263E}
	EndGlobalSection
EndGlobal
